
Microsoft Visual Studio Solution File, Format Version 12.00
# Visual Studio Version 17
VisualStudioVersion = 17.8.34511.84
MinimumVisualStudioVersion = 10.0.40219.1
Project("{FAE04EC0-301F-11D3-BF4B-00C04F79EFBC}") = "System_Prog_CriticalSection", "System_Prog_CriticalSection\System_Prog_CriticalSection.csproj", "{07ACF4AB-B8DA-4618-B3E0-EE21E2D7DD95}"
EndProject
Global
	GlobalSection(SolutionConfigurationPlatforms) = preSolution
		Debug|Any CPU = Debug|Any CPU
		Release|Any CPU = Release|Any CPU
	EndGlobalSection
	GlobalSection(ProjectConfigurationPlatforms) = postSolution
		{07ACF4AB-B8DA-4618-B3E0-EE21E2D7DD95}.Debug|Any CPU.ActiveCfg = Debug|Any CPU
		{07ACF4AB-B8DA-4618-B3E0-EE21E2D7DD95}.Debug|Any CPU.Build.0 = Debug|Any CPU
		{07ACF4AB-B8DA-4618-B3E0-EE21E2D7DD95}.Release|Any CPU.ActiveCfg = Release|Any CPU
		{07ACF4AB-B8DA-4618-B3E0-EE21E2D7DD95}.Release|Any CPU.Build.0 = Release|Any CPU
	EndGlobalSection
	GlobalSection(SolutionProperties) = preSolution
		HideSolutionNode = FALSE
	EndGlobalSection
	GlobalSection(ExtensibilityGlobals) = postSolution
		SolutionGuid = {51739FF6-93A7-4F7A-8C7B-1B799CC8A53B}
	EndGlobalSection
EndGlobal
